{"dependencyEdges":[],"expansions":[{"alias":"claim_deadline_duty","consumer":"law.expansions.examples.claim_deadline_duty_synthetic","contentHash":"sha256:0dd97541dd8e9dafeff54edb3a28b7fe98ab93865bfc83787a1856d25804d14a","entry":"claim_deadline_duty.law","expansionProfile":"law.expansion/0.2","name":"law.expansions.claim_deadline_duty","version":"0.1.0"}],"languageSemantics":"law.core/0.2.0","lockVersion":"0.1","packages":[],"resolutionHash":"sha256:806af8e86b09182e7e5225ad2e0ae3fcf8b606489d47ce3581f4a4be2db60a85","root":{"contentHash":"sha256:739fa5dc3889018e9ce5570d62fd6a0b8fc4e03eef256b0c6a101406a4f0926b","name":"law.expansions.examples.claim_deadline_duty_synthetic","namespace":"urn:law:expansions:examples:claim-deadline-duty-synthetic","version":"0.1.0"}}
