{"dependencyEdges":[],"expansions":[{"alias":"matter_deadline_duty","consumer":"law.expansions.examples.matter_deadline_duty_synthetic","contentHash":"sha256:b267b26d18017637f628bd401ac2e98cffdb10ef180a695c67dbc39df35352fc","entry":"matter_deadline_duty.law","expansionProfile":"law.expansion/0.2","name":"law.expansions.matter_deadline_duty","version":"0.1.0"}],"languageSemantics":"law.core/0.2.0","lockVersion":"0.1","packages":[],"resolutionHash":"sha256:6a9d36b0010af0480ff07a171dc922174fce44dd4827dd8040557d46e81fd54d","root":{"contentHash":"sha256:c7118389944fd6b10890a75e38e115e2e1d838814115f662d3254d65ef7f2b2e","name":"law.expansions.examples.matter_deadline_duty_synthetic","namespace":"urn:law:expansions:examples:matter-deadline-duty-synthetic","version":"0.1.0"}}
