{
  "dependencyEdges": [
    {
      "features": [],
      "from": "kz.corpus.bonus_malus",
      "requested": "0.1.0",
      "resolved": "0.1.0",
      "to": "kz.corpus.budget"
    },
    {
      "features": [],
      "from": "kz.corpus.budget",
      "requested": "0.1.0",
      "resolved": "0.1.0",
      "to": "kz.corpus.budget_code"
    },
    {
      "features": [],
      "from": "kz.corpus.ogpovts",
      "requested": "0.2.0",
      "resolved": "0.2.0",
      "to": "kz.corpus.bonus_malus"
    },
    {
      "features": [],
      "from": "kz.corpus.ogpovts",
      "requested": "0.1.0",
      "resolved": "0.1.0",
      "to": "kz.corpus.budget"
    },
    {
      "features": [],
      "from": "kz.corpus.ogpovts",
      "requested": "0.1.0",
      "resolved": "0.1.0",
      "to": "kz.corpus.vred_ts"
    },
    {
      "features": [],
      "from": "kz.corpus.ogpovts",
      "requested": "0.1.0",
      "resolved": "0.1.0",
      "to": "vocab.geo"
    },
    {
      "features": [],
      "from": "kz.corpus.ogpovts",
      "requested": "0.1.0",
      "resolved": "0.1.0",
      "to": "vocab.vehicle"
    },
    {
      "features": [],
      "from": "kz.corpus.popravochnye_koeffitsienty",
      "requested": "0.2.0",
      "resolved": "0.2.0",
      "to": "kz.corpus.bonus_malus"
    },
    {
      "features": [],
      "from": "kz.corpus.popravochnye_koeffitsienty",
      "requested": "0.1.0",
      "resolved": "0.1.0",
      "to": "kz.corpus.ogpovts"
    },
    {
      "features": [],
      "from": "kz.corpus.popravochnye_koeffitsienty",
      "requested": "0.1.0",
      "resolved": "0.1.0",
      "to": "vocab.geo"
    },
    {
      "features": [],
      "from": "kz.corpus.vred_ts",
      "requested": "0.1.0",
      "resolved": "0.1.0",
      "to": "kz.corpus.clir.official_calendar"
    },
    {
      "features": [],
      "from": "vocab.vehicle",
      "requested": "0.1.0",
      "resolved": "0.1.0",
      "to": "vocab.maintenance"
    }
  ],
  "languageSemantics": "law.core/0.2.0",
  "lockVersion": "0.1",
  "packages": [
    {
      "contentHash": "sha256:b37b244c04ea48cf8186216f23cfbd35d133f6f154627aa4dbaf25176ddf929a",
      "features": [
        "core-executable"
      ],
      "name": "kz.corpus.bonus_malus",
      "namespace": "urn:kz:corpus:clir:bonus-malus",
      "version": "0.2.0"
    },
    {
      "contentHash": "sha256:1e0ebb1d019617e0785b7b2121cda3aeabd269d388e8f802afe719933bcd3f18",
      "features": [
        "core-executable"
      ],
      "name": "kz.corpus.budget",
      "namespace": "urn:kz:corpus:clir:budget",
      "version": "0.1.0"
    },
    {
      "contentHash": "sha256:e54ba547c66ee357e9a3fb12b4a2175b3544c8a560ae266d06a7b54a01836c53",
      "features": [
        "core-executable"
      ],
      "name": "kz.corpus.budget_code",
      "namespace": "urn:kz:corpus:clir:budget-code",
      "version": "0.1.0"
    },
    {
      "contentHash": "sha256:d5dd393f6b712104611798a39bb03c43da014f16c150c1b95c5a8f3587fc44d5",
      "features": [
        "core-executable"
      ],
      "name": "kz.corpus.clir.official_calendar",
      "namespace": "urn:kz:corpus:clir:official-calendar",
      "version": "0.1.0"
    },
    {
      "contentHash": "sha256:6b5c2ad383cf9e01f5a2856c60bde6d5764cbb0c7a5b4b0019deb9ced56fd998",
      "features": [
        "core-executable",
        "law.decision/0.1"
      ],
      "name": "kz.corpus.ogpovts",
      "namespace": "urn:kz:corpus:clir:ogpo-vts",
      "version": "0.1.0"
    },
    {
      "contentHash": "sha256:1b021c6a928c6248e90214c6ecc0c192df99576b179e5d2452f3bb1c77035fa2",
      "features": [
        "core-executable"
      ],
      "name": "kz.corpus.vred_ts",
      "namespace": "urn:kz:corpus:clir:vred-ts",
      "version": "0.1.0"
    },
    {
      "contentHash": "sha256:90e40c94390540a21ba156bf585ff6899929b9facfead6337de828a7f4561674",
      "features": [
        "core-executable"
      ],
      "name": "vocab.geo",
      "namespace": "urn:law:vocab:geo",
      "version": "0.1.0"
    },
    {
      "contentHash": "sha256:c85fa41eef6ccb2af463d912eee0ea33d087c1ecbed8b78c47d6d79d61cfab73",
      "features": [
        "core-executable"
      ],
      "name": "vocab.maintenance",
      "namespace": "urn:law:vocab:maintenance",
      "version": "0.1.0"
    },
    {
      "contentHash": "sha256:33e92c9dd392d374c956a4ce6d43baf3e04d7121613e7127668a784f7a65e779",
      "features": [
        "core-executable"
      ],
      "name": "vocab.vehicle",
      "namespace": "urn:law:vocab:vehicle",
      "version": "0.1.0"
    }
  ],
  "resolutionHash": "sha256:b636ab0265f1841cdb584bf6456d3e513eba0fbeed404ac0210a5d0cd9d1b7b7",
  "root": {
    "contentHash": "sha256:4ca972356d365b19210b9173d58d02fe3e3d80274abb2b2f6eabab96714dfc8e",
    "name": "kz.corpus.popravochnye_koeffitsienty",
    "namespace": "urn:kz:corpus:clir:popravochnye-koeffitsienty",
    "version": "0.1.0"
  },
  "semanticLayer": "L1"
}
